// !$*UTF8*$!
{
	archiveVersion = 1;
	classes = {
	};
	objectVersion = 77;
	objects = {

/* Begin PBXBuildFile section */
		525AB1632F14346500AD39E2 /* Config.xcconfig in Resources */ = {isa = PBXBuildFile; fileRef = 525AB1612F14346500AD39E2 /* Config.xcconfig */; };
		525AB1642F14346500AD39E2 /* Config.example.xcconfig in Resources */ = {isa = PBXBuildFile; fileRef = 525AB1622F14346500AD39E2 /* Config.example.xcconfig */; };
/* End PBXBuildFile section */

/* Begin PBXContainerItemProxy section */
		5207D9052F08B250007FF92C /* PBXContainerItemProxy */ = {
			isa = PBXContainerItemProxy;
			containerPortal = 5207D8EF2F08B24E007FF92C /* Project object */;
			proxyType = 1;
			remoteGlobalIDString = 5207D8F62F08B24E007FF92C;
			remoteInfo = Wehoop;
		};
		5207D90F2F08B250007FF92C /* PBXContainerItemProxy */ = {
			isa = PBXContainerItemProxy;
			containerPortal = 5207D8EF2F08B24E007FF92C /* Project object */;
			proxyType = 1;
			remoteGlobalIDString = 5207D8F62F08B24E007FF92C;
			remoteInfo = Wehoop;
		};
/* End PBXContainerItemProxy section */

/* Begin PBXFileReference section */
		5207D8F72F08B24F007FF92C /* Wehoop.app */ = {isa = PBXFileReference; explicitFileType = wrapper.application; includeInIndex = 0; path = Wehoop.app; sourceTree = BUILT_PRODUCTS_DIR; };
		5207D9042F08B250007FF92C /* WehoopTests.xctest */ = {isa = PBXFileReference; explicitFileType = wrapper.cfbundle; includeInIndex = 0; path = WehoopTests.xctest; sourceTree = BUILT_PRODUCTS_DIR; };
		5207D90E2F08B250007FF92C /* WehoopUITests.xctest */ = {isa = PBXFileReference; explicitFileType = wrapper.cfbundle; includeInIndex = 0; path = WehoopUITests.xctest; sourceTree = BUILT_PRODUCTS_DIR; };
		525AB1612F14346500AD39E2 /* Config.xcconfig */ = {isa = PBXFileReference; lastKnownFileType = text.xcconfig; path = Config.xcconfig; sourceTree = "<group>"; };
		525AB1622F14346500AD39E2 /* Config.example.xcconfig */ = {isa = PBXFileReference; lastKnownFileType = text.xcconfig; path = Config.example.xcconfig; sourceTree = "<group>"; };
/* End PBXFileReference section */

/* Begin PBXFileSystemSynchronizedBuildFileExceptionSet section */
		525AB1662F1435E100AD39E2 /* Exceptions for "Wehoop" folder in "Wehoop" target */ = {
			isa = PBXFileSystemSynchronizedBuildFileExceptionSet;
			membershipExceptions = (
				Info.plist,
			);
			target = 5207D8F62F08B24E007FF92C /* Wehoop */;
		};
/* End PBXFileSystemSynchronizedBuildFileExceptionSet section */

/* Begin PBXFileSystemSynchronizedRootGroup section */
		5207D8F92F08B24F007FF92C /* Wehoop */ = {
			isa = PBXFileSystemSynchronizedRootGroup;
			exceptions = (
				525AB1662F1435E100AD39E2 /* Exceptions for "Wehoop" folder in "Wehoop" target */,
			);
			path = Wehoop;
			sourceTree = "<group>";
		};
		5207D9072F08B250007FF92C /* WehoopTests */ = {
			isa = PBXFileSystemSynchronizedRootGroup;
			path = WehoopTests;
			sourceTree = "<group>";
		};
		5207D9112F08B250007FF92C /* WehoopUITests */ = {
			isa = PBXFileSystemSynchronizedRootGroup;
			path = WehoopUITests;
			sourceTree = "<group>";
		};
/* End PBXFileSystemSynchronizedRootGroup section */

/* Begin PBXFrameworksBuildPhase section */
		5207D8F42F08B24E007FF92C /* Frameworks */ = {
			isa = PBXFrameworksBuildPhase;
			buildActionMask = 2147483647;
			files = (
			);
			runOnlyForDeploymentPostprocessing = 0;
		};
		5207D9012F08B250007FF92C /* Frameworks */ = {
			isa = PBXFrameworksBuildPhase;
			buildActionMask = 2147483647;
			files = (
			);
			runOnlyForDeploymentPostprocessing = 0;
		};
		5207D90B2F08B250007FF92C /* Frameworks */ = {
			isa = PBXFrameworksBuildPhase;
			buildActionMask = 2147483647;
			files = (
			);
			runOnlyForDeploymentPostprocessing = 0;
		};
/* End PBXFrameworksBuildPhase section */

/* Begin PBXGroup section */
		5207D8EE2F08B24E007FF92C = {
			isa = PBXGroup;
			children = (
				525AB1612F14346500AD39E2 /* Config.xcconfig */,
				525AB1622F14346500AD39E2 /* Config.example.xcconfig */,
				5207D8F92F08B24F007FF92C /* Wehoop */,
				5207D9072F08B250007FF92C /* WehoopTests */,
				5207D9112F08B250007FF92C /* WehoopUITests */,
				5207D8F82F08B24F007FF92C /* Products */,
			);
			sourceTree = "<group>";
		};
		5207D8F82F08B24F007FF92C /* Products */ = {
			isa = PBXGroup;
			children = (
				5207D8F72F08B24F007FF92C /* Wehoop.app */,
				5207D9042F08B250007FF92C /* WehoopTests.xctest */,
				5207D90E2F08B250007FF92C /* WehoopUITests.xctest */,
			);
			name = Products;
			sourceTree = "<group>";
		};
/* End PBXGroup section */

/* Begin PBXNativeTarget section */
		5207D8F62F08B24E007FF92C /* Wehoop */ = {
			isa = PBXNativeTarget;
			buildConfigurationList = 5207D9182F08B250007FF92C /* Build configuration list for PBXNativeTarget "Wehoop" */;
			buildPhases = (
				5207D8F32F08B24E007FF92C /* Sources */,
				5207D8F42F08B24E007FF92C /* Frameworks */,
				5207D8F52F08B24E007FF92C /* Resources */,
			);
			buildRules = (
			);
			dependencies = (
			);
			fileSystemSynchronizedGroups = (
				5207D8F92F08B24F007FF92C /* Wehoop */,
			);
			name = Wehoop;
			packageProductDependencies = (
			);
			productName = Wehoop;
			productReference = 5207D8F72F08B24F007FF92C /* Wehoop.app */;
			productType = "com.apple.product-type.application";
		};
		5207D9032F08B250007FF92C /* WehoopTests */ = {
			isa = PBXNativeTarget;
			buildConfigurationList = 5207D91B2F08B250007FF92C /* Build configuration list for PBXNativeTarget "WehoopTests" */;
			buildPhases = (
				5207D9002F08B250007FF92C /* Sources */,
				5207D9012F08B250007FF92C /* Frameworks */,
				5207D9022F08B250007FF92C /* Resources */,
			);
			buildRules = (
			);
			dependencies = (
				5207D9062F08B250007FF92C /* PBXTargetDependency */,
			);
			fileSystemSynchronizedGroups = (
				5207D9072F08B250007FF92C /* WehoopTests */,
			);
			name = WehoopTests;
			packageProductDependencies = (
			);
			productName = WehoopTests;
			productReference = 5207D9042F08B250007FF92C /* WehoopTests.xctest */;
			productType = "com.apple.product-type.bundle.unit-test";
		};
		5207D90D2F08B250007FF92C /* WehoopUITests */ = {
			isa = PBXNativeTarget;
			buildConfigurationList = 5207D91E2F08B250007FF92C /* Build configuration list for PBXNativeTarget "WehoopUITests" */;
			buildPhases = (
				5207D90A2F08B250007FF92C /* Sources */,
				5207D90B2F08B250007FF92C /* Frameworks */,
				5207D90C2F08B250007FF92C /* Resources */,
			);
			buildRules = (
			);
			dependencies = (
				5207D9102F08B250007FF92C /* PBXTargetDependency */,
			);
			fileSystemSynchronizedGroups = (
				5207D9112F08B250007FF92C /* WehoopUITests */,
			);
			name = WehoopUITests;
			packageProductDependencies = (
			);
			productName = WehoopUITests;
			productReference = 5207D90E2F08B250007FF92C /* WehoopUITests.xctest */;
			productType = "com.apple.product-type.bundle.ui-testing";
		};
/* End PBXNativeTarget section */

/* Begin PBXProject section */
		5207D8EF2F08B24E007FF92C /* Project object */ = {
			isa = PBXProject;
			attributes = {
				BuildIndependentTargetsInParallel = 1;
				LastSwiftUpdateCheck = 2620;
				LastUpgradeCheck = 2620;
				TargetAttributes = {
					5207D8F62F08B24E007FF92C = {
						CreatedOnToolsVersion = 26.2;
					};
					5207D9032F08B250007FF92C = {
						CreatedOnToolsVersion = 26.2;
						TestTargetID = 5207D8F62F08B24E007FF92C;
					};
					5207D90D2F08B250007FF92C = {
						CreatedOnToolsVersion = 26.2;
						TestTargetID = 5207D8F62F08B24E007FF92C;
					};
				};
			};
			buildConfigurationList = 5207D8F22F08B24E007FF92C /* Build configuration list for PBXProject "Wehoop" */;
			developmentRegion = en;
			hasScannedForEncodings = 0;
			knownRegions = (
				en,
				Base,
			);
			mainGroup = 5207D8EE2F08B24E007FF92C;
			minimizedProjectReferenceProxies = 1;
			preferredProjectObjectVersion = 77;
			productRefGroup = 5207D8F82F08B24F007FF92C /* Products */;
			projectDirPath = "";
			projectRoot = "";
			targets = (
				5207D8F62F08B24E007FF92C /* Wehoop */,
				5207D9032F08B250007FF92C /* WehoopTests */,
				5207D90D2F08B250007FF92C /* WehoopUITests */,
			);
		};
/* End PBXProject section */

/* Begin PBXResourcesBuildPhase section */
		5207D8F52F08B24E007FF92C /* Resources */ = {
			isa = PBXResourcesBuildPhase;
			buildActionMask = 2147483647;
			files = (
				525AB1632F14346500AD39E2 /* Config.xcconfig in Resources */,
				525AB1642F14346500AD39E2 /* Config.example.xcconfig in Resources */,
			);
			runOnlyForDeploymentPostprocessing = 0;
		};
		5207D9022F08B250007FF92C /* Resources */ = {
			isa = PBXResourcesBuildPhase;
			buildActionMask = 2147483647;
			files = (
			);
			runOnlyForDeploymentPostprocessing = 0;
		};
		5207D90C2F08B250007FF92C /* Resources */ = {
			isa = PBXResourcesBuildPhase;
			buildActionMask = 2147483647;
			files = (
			);
			runOnlyForDeploymentPostprocessing = 0;
		};
/* End PBXResourcesBuildPhase section */

/* Begin PBXSourcesBuildPhase section */
		5207D8F32F08B24E007FF92C /* Sources */ = {
			isa = PBXSourcesBuildPhase;
			buildActionMask = 2147483647;
			files = (
			);
			runOnlyForDeploymentPostprocessing = 0;
		};
		5207D9002F08B250007FF92C /* Sources */ = {
			isa = PBXSourcesBuildPhase;
			buildActionMask = 2147483647;
			files = (
			);
			runOnlyForDeploymentPostprocessing = 0;
		};
		5207D90A2F08B250007FF92C /* Sources */ = {
			isa = PBXSourcesBuildPhase;
			buildActionMask = 2147483647;
			files = (
			);
			runOnlyForDeploymentPostprocessing = 0;
		};
/* End PBXSourcesBuildPhase section */

/* Begin PBXTargetDependency section */
		5207D9062F08B250007FF92C /* PBXTargetDependency */ = {
			isa = PBXTargetDependency;
			target = 5207D8F62F08B24E007FF92C /* Wehoop */;
			targetProxy = 5207D9052F08B250007FF92C /* PBXContainerItemProxy */;
		};
		5207D9102F08B250007FF92C /* PBXTargetDependency */ = {
			isa = PBXTargetDependency;
			target = 5207D8F62F08B24E007FF92C /* Wehoop */;
			targetProxy = 5207D90F2F08B250007FF92C /* PBXContainerItemProxy */;
		};
/* End PBXTargetDependency section */

/* Begin XCBuildConfiguration section */
		5207D9162F08B250007FF92C /* Debug */ = {
			isa = XCBuildConfiguration;
			baseConfigurationReference = 525AB1612F14346500AD39E2 /* Config.xcconfig */;
			buildSettings = {
				ALWAYS_SEARCH_USER_PATHS = NO;
				ASSETCATALOG_COMPILER_GENERATE_SWIFT_ASSET_SYMBOL_EXTENSIONS = YES;
				CLANG_ANALYZER_NONNULL = YES;
				CLANG_ANALYZER_NUMBER_OBJECT_CONVERSION = YES_AGGRESSIVE;
				CLANG_CXX_LANGUAGE_STANDARD = "gnu++20";
				CLANG_ENABLE_MODULES = YES;
				CLANG_ENABLE_OBJC_ARC = YES;
				CLANG_ENABLE_OBJC_WEAK = YES;
				CLANG_WARN_BLOCK_CAPTURE_AUTORELEASING = YES;
				CLANG_WARN_BOOL_CONVERSION = YES;
				CLANG_WARN_COMMA = YES;
				CLANG_WARN_CONSTANT_CONVERSION = YES;
				CLANG_WARN_DEPRECATED_OBJC_IMPLEMENTATIONS = YES;
				CLANG_WARN_DIRECT_OBJC_ISA_USAGE = YES_ERROR;
				CLANG_WARN_DOCUMENTATION_COMMENTS = YES;
				CLANG_WARN_EMPTY_BODY = YES;
				CLANG_WARN_ENUM_CONVERSION = YES;
				CLANG_WARN_INFINITE_RECURSION = YES;
				CLANG_WARN_INT_CONVERSION = YES;
				CLANG_WARN_NON_LITERAL_NULL_CONVERSION = YES;
				CLANG_WARN_OBJC_IMPLICIT_RETAIN_SELF = YES;
				CLANG_WARN_OBJC_LITERAL_CONVERSION = YES;
				CLANG_WARN_OBJC_ROOT_CLASS = YES_ERROR;
				CLANG_WARN_QUOTED_INCLUDE_IN_FRAMEWORK_HEADER = YES;
				CLANG_WARN_RANGE_LOOP_ANALYSIS = YES;
				CLANG_WARN_STRICT_PROTOTYPES = YES;
				CLANG_WARN_SUSPICIOUS_MOVE = YES;
				CLANG_WARN_UNGUARDED_AVAILABILITY = YES_AGGRESSIVE;
				CLANG_WARN_UNREACHABLE_CODE = YES;
				CLANG_WARN__DUPLICATE_METHOD_MATCH = YES;
				COPY_PHASE_STRIP = NO;
				DEBUG_INFORMATION_FORMAT = dwarf;
				ENABLE_STRICT_OBJC_MSGSEND = YES;
				ENABLE_TESTABILITY = YES;
				ENABLE_USER_SCRIPT_SANDBOXING = YES;
				GCC_C_LANGUAGE_STANDARD = gnu17;
				GCC_DYNAMIC_NO_PIC = NO;
				GCC_NO_COMMON_BLOCKS = YES;
				GCC_OPTIMIZATION_LEVEL = 0;
				GCC_PREPROCESSOR_DEFINITIONS = (
					"DEBUG=1",
					"$(inherited)",
				);
				GCC_WARN_64_TO_32_BIT_CONVERSION = YES;
				GCC_WARN_ABOUT_RETURN_TYPE = YES_ERROR;
				GCC_WARN_UNDECLARED_SELECTOR = YES;
				GCC_WARN_UNINITIALIZED_AUTOS = YES_AGGRESSIVE;
				GCC_WARN_UNUSED_FUNCTION = YES;
				GCC_WARN_UNUSED_VARIABLE = YES;
				IPHONEOS_DEPLOYMENT_TARGET = 26.2;
				LOCALIZATION_PREFERS_STRING_CATALOGS = YES;
				MTL_ENABLE_DEBUG_INFO = INCLUDE_SOURCE;
				MTL_FAST_MATH = YES;
				ONLY_ACTIVE_ARCH = YES;
				SDKROOT = iphoneos;
				SWIFT_ACTIVE_COMPILATION_CONDITIONS = "DEBUG $(inherited)";
				SWIFT_OPTIMIZATION_LEVEL = "-Onone";
			};
			name = Debug;
		};
		5207D9172F08B250007FF92C /* Release */ = {
			isa = XCBuildConfiguration;
			baseConfigurationReference = 525AB1612F14346500AD39E2 /* Config.xcconfig */;
			buildSettings = {
				ALWAYS_SEARCH_USER_PATHS = NO;
				ASSETCATALOG_COMPILER_GENERATE_SWIFT_ASSET_SYMBOL_EXTENSIONS = YES;
				CLANG_ANALYZER_NONNULL = YES;
				CLANG_ANALYZER_NUMBER_OBJECT_CONVERSION = YES_AGGRESSIVE;
				CLANG_CXX_LANGUAGE_STANDARD = "gnu++20";
				CLANG_ENABLE_MODULES = YES;
				CLANG_ENABLE_OBJC_ARC = YES;
				CLANG_ENABLE_OBJC_WEAK = YES;
				CLANG_WARN_BLOCK_CAPTURE_AUTORELEASING = YES;
				CLANG_WARN_BOOL_CONVERSION = YES;
				CLANG_WARN_COMMA = YES;
				CLANG_WARN_CONSTANT_CONVERSION = YES;
				CLANG_WARN_DEPRECATED_OBJC_IMPLEMENTATIONS = YES;
				CLANG_WARN_DIRECT_OBJC_ISA_USAGE = YES_ERROR;
				CLANG_WARN_DOCUMENTATION_COMMENTS = YES;
				CLANG_WARN_EMPTY_BODY = YES;
				CLANG_WARN_ENUM_CONVERSION = YES;
				CLANG_WARN_INFINITE_RECURSION = YES;
				CLANG_WARN_INT_CONVERSION = YES;
				CLANG_WARN_NON_LITERAL_NULL_CONVERSION = YES;
				CLANG_WARN_OBJC_IMPLICIT_RETAIN_SELF = YES;
				CLANG_WARN_OBJC_LITERAL_CONVERSION = YES;
				CLANG_WARN_OBJC_ROOT_CLASS = YES_ERROR;
				CLANG_WARN_QUOTED_INCLUDE_IN_FRAMEWORK_HEADER = YES;
				CLANG_WARN_RANGE_LOOP_ANALYSIS = YES;
				CLANG_WARN_STRICT_PROTOTYPES = YES;
				CLANG_WARN_SUSPICIOUS_MOVE = YES;
				CLANG_WARN_UNGUARDED_AVAILABILITY = YES_AGGRESSIVE;
				CLANG_WARN_UNREACHABLE_CODE = YES;
				CLANG_WARN__DUPLICATE_METHOD_MATCH = YES;
				COPY_PHASE_STRIP = NO;
				DEBUG_INFORMATION_FORMAT = "dwarf-with-dsym";
				ENABLE_NS_ASSERTIONS = NO;
				ENABLE_STRICT_OBJC_MSGSEND = YES;
				ENABLE_USER_SCRIPT_SANDBOXING = YES;
				GCC_C_LANGUAGE_STANDARD = gnu17;
				GCC_NO_COMMON_BLOCKS = YES;
				GCC_WARN_64_TO_32_BIT_CONVERSION = YES;
				GCC_WARN_ABOUT_RETURN_TYPE = YES_ERROR;
				GCC_WARN_UNDECLARED_SELECTOR = YES;
				GCC_WARN_UNINITIALIZED_AUTOS = YES_AGGRESSIVE;
				GCC_WARN_UNUSED_FUNCTION = YES;
				GCC_WARN_UNUSED_VARIABLE = YES;
				IPHONEOS_DEPLOYMENT_TARGET = 26.2;
				LOCALIZATION_PREFERS_STRING_CATALOGS = YES;
				MTL_ENABLE_DEBUG_INFO = NO;
				MTL_FAST_MATH = YES;
				SDKROOT = iphoneos;
				SWIFT_COMPILATION_MODE = wholemodule;
				VALIDATE_PRODUCT = YES;
			};
			name = Release;
		};
		5207D9192F08B250007FF92C /* Debug */ = {
			isa = XCBuildConfiguration;
			buildSettings = {
				ASSETCATALOG_COMPILER_APPICON_NAME = AppIcon;
				ASSETCATALOG_COMPILER_GLOBAL_ACCENT_COLOR_NAME = AccentColor;
				CODE_SIGN_STYLE = Automatic;
				CURRENT_PROJECT_VERSION = 1;
				ENABLE_PREVIEWS = YES;
				GENERATE_INFOPLIST_FILE = YES;
				INFOPLIST_FILE = Wehoop/Info.plist;
				INFOPLIST_KEY_UIApplicationSceneManifest_Generation = YES;
				INFOPLIST_KEY_UIApplicationSupportsIndirectInputEvents = YES;
				INFOPLIST_KEY_UILaunchScreen_Generation = YES;
				INFOPLIST_KEY_UISupportedInterfaceOrientations_iPad = "UIInterfaceOrientationPortrait UIInterfaceOrientationPortraitUpsideDown UIInterfaceOrientationLandscapeLeft UIInterfaceOrientationLandscapeRight";
				INFOPLIST_KEY_UISupportedInterfaceOrientations_iPhone = "UIInterfaceOrientationPortrait UIInterfaceOrientationLandscapeLeft UIInterfaceOrientationLandscapeRight";
				LD_RUNPATH_SEARCH_PATHS = (
					"$(inherited)",
					"@executable_path/Frameworks",
				);
				MARKETING_VERSION = 1.0;
				PRODUCT_BUNDLE_IDENTIFIER = com.ChallengerApp.Wehoop;
				PRODUCT_NAME = "$(TARGET_NAME)";
				STRING_CATALOG_GENERATE_SYMBOLS = YES;
				SWIFT_APPROACHABLE_CONCURRENCY = YES;
				SWIFT_DEFAULT_ACTOR_ISOLATION = MainActor;
				SWIFT_EMIT_LOC_STRINGS = YES;
				SWIFT_UPCOMING_FEATURE_MEMBER_IMPORT_VISIBILITY = YES;
				SWIFT_VERSION = 5.0;
				TARGETED_DEVICE_FAMILY = "1,2";
			};
			name = Debug;
		};
		5207D91A2F08B250007FF92C /* Release */ = {
			isa = XCBuildConfiguration;
			buildSettings = {
				ASSETCATALOG_COMPILER_APPICON_NAME = AppIcon;
				ASSETCATALOG_COMPILER_GLOBAL_ACCENT_COLOR_NAME = AccentColor;
				CODE_SIGN_STYLE = Automatic;
				CURRENT_PROJECT_VERSION = 1;
				ENABLE_PREVIEWS = YES;
				GENERATE_INFOPLIST_FILE = YES;
				INFOPLIST_FILE = Wehoop/Info.plist;
				INFOPLIST_KEY_UIApplicationSceneManifest_Generation = YES;
				INFOPLIST_KEY_UIApplicationSupportsIndirectInputEvents = YES;
				INFOPLIST_KEY_UILaunchScreen_Generation = YES;
				INFOPLIST_KEY_UISupportedInterfaceOrientations_iPad = "UIInterfaceOrientationPortrait UIInterfaceOrientationPortraitUpsideDown UIInterfaceOrientationLandscapeLeft UIInterfaceOrientationLandscapeRight";
				INFOPLIST_KEY_UISupportedInterfaceOrientations_iPhone = "UIInterfaceOrientationPortrait UIInterfaceOrientationLandscapeLeft UIInterfaceOrientationLandscapeRight";
				LD_RUNPATH_SEARCH_PATHS = (
					"$(inherited)",
					"@executable_path/Frameworks",
				);
				MARKETING_VERSION = 1.0;
				PRODUCT_BUNDLE_IDENTIFIER = com.ChallengerApp.Wehoop;
				PRODUCT_NAME = "$(TARGET_NAME)";
				STRING_CATALOG_GENERATE_SYMBOLS = YES;
				SWIFT_APPROACHABLE_CONCURRENCY = YES;
				SWIFT_DEFAULT_ACTOR_ISOLATION = MainActor;
				SWIFT_EMIT_LOC_STRINGS = YES;
				SWIFT_UPCOMING_FEATURE_MEMBER_IMPORT_VISIBILITY = YES;
				SWIFT_VERSION = 5.0;
				TARGETED_DEVICE_FAMILY = "1,2";
			};
			name = Release;
		};
		5207D91C2F08B250007FF92C /* Debug */ = {
			isa = XCBuildConfiguration;
			buildSettings = {
				BUNDLE_LOADER = "$(TEST_HOST)";
				CODE_SIGN_STYLE = Automatic;
				CURRENT_PROJECT_VERSION = 1;
				GENERATE_INFOPLIST_FILE = YES;
				IPHONEOS_DEPLOYMENT_TARGET = 26.2;
				MARKETING_VERSION = 1.0;
				PRODUCT_BUNDLE_IDENTIFIER = com.ChallengerApp.WehoopTests;
				PRODUCT_NAME = "$(TARGET_NAME)";
				STRING_CATALOG_GENERATE_SYMBOLS = NO;
				SWIFT_APPROACHABLE_CONCURRENCY = YES;
				SWIFT_EMIT_LOC_STRINGS = NO;
				SWIFT_UPCOMING_FEATURE_MEMBER_IMPORT_VISIBILITY = YES;
				SWIFT_VERSION = 5.0;
				TARGETED_DEVICE_FAMILY = "1,2";
				TEST_HOST = "$(BUILT_PRODUCTS_DIR)/Wehoop.app/$(BUNDLE_EXECUTABLE_FOLDER_PATH)/Wehoop";
			};
			name = Debug;
		};
		5207D91D2F08B250007FF92C /* Release */ = {
			isa = XCBuildConfiguration;
			buildSettings = {
				BUNDLE_LOADER = "$(TEST_HOST)";
				CODE_SIGN_STYLE = Automatic;
				CURRENT_PROJECT_VERSION = 1;
				GENERATE_INFOPLIST_FILE = YES;
				IPHONEOS_DEPLOYMENT_TARGET = 26.2;
				MARKETING_VERSION = 1.0;
				PRODUCT_BUNDLE_IDENTIFIER = com.ChallengerApp.WehoopTests;
				PRODUCT_NAME = "$(TARGET_NAME)";
				STRING_CATALOG_GENERATE_SYMBOLS = NO;
				SWIFT_APPROACHABLE_CONCURRENCY = YES;
				SWIFT_EMIT_LOC_STRINGS = NO;
				SWIFT_UPCOMING_FEATURE_MEMBER_IMPORT_VISIBILITY = YES;
				SWIFT_VERSION = 5.0;
				TARGETED_DEVICE_FAMILY = "1,2";
				TEST_HOST = "$(BUILT_PRODUCTS_DIR)/Wehoop.app/$(BUNDLE_EXECUTABLE_FOLDER_PATH)/Wehoop";
			};
			name = Release;
		};
		5207D91F2F08B250007FF92C /* Debug */ = {
			isa = XCBuildConfiguration;
			buildSettings = {
				CODE_SIGN_STYLE = Automatic;
				CURRENT_PROJECT_VERSION = 1;
				GENERATE_INFOPLIST_FILE = YES;
				MARKETING_VERSION = 1.0;
				PRODUCT_BUNDLE_IDENTIFIER = com.ChallengerApp.WehoopUITests;
				PRODUCT_NAME = "$(TARGET_NAME)";
				STRING_CATALOG_GENERATE_SYMBOLS = NO;
				SWIFT_APPROACHABLE_CONCURRENCY = YES;
				SWIFT_EMIT_LOC_STRINGS = NO;
				SWIFT_UPCOMING_FEATURE_MEMBER_IMPORT_VISIBILITY = YES;
				SWIFT_VERSION = 5.0;
				TARGETED_DEVICE_FAMILY = "1,2";
				TEST_TARGET_NAME = Wehoop;
			};
			name = Debug;
		};
		5207D9202F08B250007FF92C /* Release */ = {
			isa = XCBuildConfiguration;
			buildSettings = {
				CODE_SIGN_STYLE = Automatic;
				CURRENT_PROJECT_VERSION = 1;
				GENERATE_INFOPLIST_FILE = YES;
				MARKETING_VERSION = 1.0;
				PRODUCT_BUNDLE_IDENTIFIER = com.ChallengerApp.WehoopUITests;
				PRODUCT_NAME = "$(TARGET_NAME)";
				STRING_CATALOG_GENERATE_SYMBOLS = NO;
				SWIFT_APPROACHABLE_CONCURRENCY = YES;
				SWIFT_EMIT_LOC_STRINGS = NO;
				SWIFT_UPCOMING_FEATURE_MEMBER_IMPORT_VISIBILITY = YES;
				SWIFT_VERSION = 5.0;
				TARGETED_DEVICE_FAMILY = "1,2";
				TEST_TARGET_NAME = Wehoop;
			};
			name = Release;
		};
/* End XCBuildConfiguration section */

/* Begin XCConfigurationList section */
		5207D8F22F08B24E007FF92C /* Build configuration list for PBXProject "Wehoop" */ = {
			isa = XCConfigurationList;
			buildConfigurations = (
				5207D9162F08B250007FF92C /* Debug */,
				5207D9172F08B250007FF92C /* Release */,
			);
			defaultConfigurationIsVisible = 0;
			defaultConfigurationName = Release;
		};
		5207D9182F08B250007FF92C /* Build configuration list for PBXNativeTarget "Wehoop" */ = {
			isa = XCConfigurationList;
			buildConfigurations = (
				5207D9192F08B250007FF92C /* Debug */,
				5207D91A2F08B250007FF92C /* Release */,
			);
			defaultConfigurationIsVisible = 0;
			defaultConfigurationName = Release;
		};
		5207D91B2F08B250007FF92C /* Build configuration list for PBXNativeTarget "WehoopTests" */ = {
			isa = XCConfigurationList;
			buildConfigurations = (
				5207D91C2F08B250007FF92C /* Debug */,
				5207D91D2F08B250007FF92C /* Release */,
			);
			defaultConfigurationIsVisible = 0;
			defaultConfigurationName = Release;
		};
		5207D91E2F08B250007FF92C /* Build configuration list for PBXNativeTarget "WehoopUITests" */ = {
			isa = XCConfigurationList;
			buildConfigurations = (
				5207D91F2F08B250007FF92C /* Debug */,
				5207D9202F08B250007FF92C /* Release */,
			);
			defaultConfigurationIsVisible = 0;
			defaultConfigurationName = Release;
		};
/* End XCConfigurationList section */
	};
	rootObject = 5207D8EF2F08B24E007FF92C /* Project object */;
}
